
Microsoft Visual Studio Solution File, Format Version 12.00
# Visual Studio Version 17
VisualStudioVersion = 17.11.35222.181
MinimumVisualStudioVersion = 10.0.40219.1
Project("{2150E333-8FDC-42A3-9474-1A3956D46DE8}") = "src", "src", "{E7C1E5C0-40EE-4F36-8B8F-D81AF31F8903}"
	ProjectSection(SolutionItems) = preProject
		.gitignore = .gitignore
	EndProjectSection
EndProject
Project("{9A19103F-16F7-4668-BE54-9A1E7A4F7556}") = "Api", "Api\Api.csproj", "{FAEFBFF0-A26C-4C43-904C-83EC61B28D3C}"
EndProject
Project("{9A19103F-16F7-4668-BE54-9A1E7A4F7556}") = "Application", "Application\Application.csproj", "{1F08BBFA-37D6-44FF-8FF9-AB763F28F1AD}"
EndProject
Global
	GlobalSection(SolutionConfigurationPlatforms) = preSolution
		Debug|Any CPU = Debug|Any CPU
		Release|Any CPU = Release|Any CPU
	EndGlobalSection
	GlobalSection(ProjectConfigurationPlatforms) = postSolution
		{FAEFBFF0-A26C-4C43-904C-83EC61B28D3C}.Debug|Any CPU.ActiveCfg = Debug|Any CPU
		{FAEFBFF0-A26C-4C43-904C-83EC61B28D3C}.Debug|Any CPU.Build.0 = Debug|Any CPU
		{FAEFBFF0-A26C-4C43-904C-83EC61B28D3C}.Release|Any CPU.ActiveCfg = Release|Any CPU
		{FAEFBFF0-A26C-4C43-904C-83EC61B28D3C}.Release|Any CPU.Build.0 = Release|Any CPU
		{1F08BBFA-37D6-44FF-8FF9-AB763F28F1AD}.Debug|Any CPU.ActiveCfg = Debug|Any CPU
		{1F08BBFA-37D6-44FF-8FF9-AB763F28F1AD}.Debug|Any CPU.Build.0 = Debug|Any CPU
		{1F08BBFA-37D6-44FF-8FF9-AB763F28F1AD}.Release|Any CPU.ActiveCfg = Release|Any CPU
		{1F08BBFA-37D6-44FF-8FF9-AB763F28F1AD}.Release|Any CPU.Build.0 = Release|Any CPU
	EndGlobalSection
	GlobalSection(SolutionProperties) = preSolution
		HideSolutionNode = FALSE
	EndGlobalSection
	GlobalSection(NestedProjects) = preSolution
		{FAEFBFF0-A26C-4C43-904C-83EC61B28D3C} = {E7C1E5C0-40EE-4F36-8B8F-D81AF31F8903}
		{1F08BBFA-37D6-44FF-8FF9-AB763F28F1AD} = {E7C1E5C0-40EE-4F36-8B8F-D81AF31F8903}
	EndGlobalSection
	GlobalSection(ExtensibilityGlobals) = postSolution
		SolutionGuid = {68E2B3B9-9140-478B-9A37-F9F9F2AB7A71}
	EndGlobalSection
EndGlobal
